
Microsoft Visual Studio Solution File, Format Version 12.00
# Visual Studio Version 17
VisualStudioVersion = 17.5.33627.172
MinimumVisualStudioVersion = 10.0.40219.1
Project("{FAE04EC0-301F-11D3-BF4B-00C04F79EFBC}") = "PainteRS", "PainteRS\PainteRS.csproj", "{F3D8230E-0132-4B2B-9942-4CC2BA96F33A}"
EndProject
Global
	GlobalSection(SolutionConfigurationPlatforms) = preSolution
		Debug|Any CPU = Debug|Any CPU
		Release|Any CPU = Release|Any CPU
	EndGlobalSection
	GlobalSection(ProjectConfigurationPlatforms) = postSolution
		{F3D8230E-0132-4B2B-9942-4CC2BA96F33A}.Debug|Any CPU.ActiveCfg = Debug|Any CPU
		{F3D8230E-0132-4B2B-9942-4CC2BA96F33A}.Debug|Any CPU.Build.0 = Debug|Any CPU
		{F3D8230E-0132-4B2B-9942-4CC2BA96F33A}.Release|Any CPU.ActiveCfg = Release|Any CPU
		{F3D8230E-0132-4B2B-9942-4CC2BA96F33A}.Release|Any CPU.Build.0 = Release|Any CPU
	EndGlobalSection
	GlobalSection(SolutionProperties) = preSolution
		HideSolutionNode = FALSE
	EndGlobalSection
	GlobalSection(ExtensibilityGlobals) = postSolution
		SolutionGuid = {9B9BEF7E-21E1-4388-BD24-34EA26826D64}
	EndGlobalSection
EndGlobal
